
Microsoft Visual Studio Solution File, Format Version 12.00
# Visual Studio Version 17
VisualStudioVersion = 17.2.32616.157
MinimumVisualStudioVersion = 10.0.40219.1
Project("{FAE04EC0-301F-11D3-BF4B-00C04F79EFBC}") = "WikiData", "WikiData.csproj", "{8BAAE52A-F428-45B2-A1A6-571BCD6B33B4}"
EndProject
Global
	GlobalSection(SolutionConfigurationPlatforms) = preSolution
		Debug|Any CPU = Debug|Any CPU
		Release|Any CPU = Release|Any CPU
	EndGlobalSection
	GlobalSection(ProjectConfigurationPlatforms) = postSolution
		{8BAAE52A-F428-45B2-A1A6-571BCD6B33B4}.Debug|Any CPU.ActiveCfg = Debug|Any CPU
		{8BAAE52A-F428-45B2-A1A6-571BCD6B33B4}.Debug|Any CPU.Build.0 = Debug|Any CPU
		{8BAAE52A-F428-45B2-A1A6-571BCD6B33B4}.Release|Any CPU.ActiveCfg = Release|Any CPU
		{8BAAE52A-F428-45B2-A1A6-571BCD6B33B4}.Release|Any CPU.Build.0 = Release|Any CPU
	EndGlobalSection
	GlobalSection(SolutionProperties) = preSolution
		HideSolutionNode = FALSE
	EndGlobalSection
	GlobalSection(ExtensibilityGlobals) = postSolution
		SolutionGuid = {660D0C96-31E2-4CC4-98DE-59CB47FF6DA3}
	EndGlobalSection
EndGlobal
